
Microsoft Visual Studio Solution File, Format Version 12.00
# Visual Studio Version 17
VisualStudioVersion = 17.2.32616.157
MinimumVisualStudioVersion = 10.0.40219.1
Project("{FAE04EC0-301F-11D3-BF4B-00C04F79EFBC}") = "Chapter7p66", "Chapter7p66\Chapter7p66.csproj", "{5730234C-E600-4E15-9FEA-8C3323863166}"
EndProject
Global
	GlobalSection(SolutionConfigurationPlatforms) = preSolution
		Debug|Any CPU = Debug|Any CPU
		Release|Any CPU = Release|Any CPU
	EndGlobalSection
	GlobalSection(ProjectConfigurationPlatforms) = postSolution
		{5730234C-E600-4E15-9FEA-8C3323863166}.Debug|Any CPU.ActiveCfg = Debug|Any CPU
		{5730234C-E600-4E15-9FEA-8C3323863166}.Debug|Any CPU.Build.0 = Debug|Any CPU
		{5730234C-E600-4E15-9FEA-8C3323863166}.Release|Any CPU.ActiveCfg = Release|Any CPU
		{5730234C-E600-4E15-9FEA-8C3323863166}.Release|Any CPU.Build.0 = Release|Any CPU
	EndGlobalSection
	GlobalSection(SolutionProperties) = preSolution
		HideSolutionNode = FALSE
	EndGlobalSection
	GlobalSection(ExtensibilityGlobals) = postSolution
		SolutionGuid = {FEF7E7A1-EEC3-48DF-A9E2-7C569AE8B9BF}
	EndGlobalSection
EndGlobal
